<?xml version="1.0" encoding="utf-8"?>
<Project ToolsVersion="4.0" xmlns="http://schemas.microsoft.com/developer/msbuild/2003">
  <ItemGroup>
    <Filter Include="src">
      <UniqueIdentifier>{4FC737F1-C7A5-4376-A066-2A32D752A2FF}</UniqueIdentifier>
      <Extensions>cpp;c;cc;cxx;def;odl;idl;hpj;bat;asm;asmx</Extensions>
    </Filter>
    <Filter Include="src\umabc">
      <UniqueIdentifier>{9d79f225-4c80-4a22-8752-79dcb131127f}</UniqueIdentifier>
    </Filter>
    <Filter Include="src\umbase">
      <UniqueIdentifier>{0fdde85e-729a-4f70-940e-2a560e77ca76}</UniqueIdentifier>
    </Filter>
    <Filter Include="src\umdraw">
      <UniqueIdentifier>{bcfdebad-8482-4735-9a13-aa98a758451d}</UniqueIdentifier>
    </Filter>
  </ItemGroup>
  <ItemGroup>
    <ClCompile Include="..\..\src\umabc\UMAbcCamera.cpp">
      <Filter>src\umabc</Filter>
    </ClCompile>
    <ClCompile Include="..\..\src\umabc\UMAbcCurve.cpp">
      <Filter>src\umabc</Filter>
    </ClCompile>
    <ClCompile Include="..\..\src\umabc\UMAbcMesh.cpp">
      <Filter>src\umabc</Filter>
    </ClCompile>
    <ClCompile Include="..\..\src\umabc\UMAbcNurbsPatch.cpp">
      <Filter>src\umabc</Filter>
    </ClCompile>
    <ClCompile Include="..\..\src\umabc\UMAbcObject.cpp">
      <Filter>src\umabc</Filter>
    </ClCompile>
    <ClCompile Include="..\..\src\umabc\UMAbcPoint.cpp">
      <Filter>src\umabc</Filter>
    </ClCompile>
    <ClCompile Include="..\..\src\umabc\UMAbcScene.cpp">
      <Filter>src\umabc</Filter>
    </ClCompile>
    <ClCompile Include="..\..\src\umabc\UMAbcSoftwareIO.cpp">
      <Filter>src\umabc</Filter>
    </ClCompile>
    <ClCompile Include="..\..\src\umabc\UMAbcXform.cpp">
      <Filter>src\umabc</Filter>
    </ClCompile>
    <ClCompile Include="..\..\src\umbase\UMPath.cpp">
      <Filter>src\umbase</Filter>
    </ClCompile>
    <ClCompile Include="..\..\src\umbase\UMTime.cpp">
      <Filter>src\umbase</Filter>
    </ClCompile>
    <ClCompile Include="..\..\src\umbase\UMBox.cpp">
      <Filter>src\umbase</Filter>
    </ClCompile>
    <ClCompile Include="..\..\src\umdraw\UMLight.cpp">
      <Filter>src\umdraw</Filter>
    </ClCompile>
    <ClCompile Include="..\..\src\umdraw\UMLine.cpp">
      <Filter>src\umdraw</Filter>
    </ClCompile>
    <ClCompile Include="..\..\src\umdraw\UMMaterial.cpp">
      <Filter>src\umdraw</Filter>
    </ClCompile>
    <ClCompile Include="..\..\src\umdraw\UMMesh.cpp">
      <Filter>src\umdraw</Filter>
    </ClCompile>
    <ClCompile Include="..\..\src\umdraw\UMPoint.cpp">
      <Filter>src\umdraw</Filter>
    </ClCompile>
    <ClCompile Include="..\..\src\umdraw\UMScene.cpp">
      <Filter>src\umdraw</Filter>
    </ClCompile>
    <ClCompile Include="..\..\src\umdraw\UMShaderEntry.cpp">
      <Filter>src\umdraw</Filter>
    </ClCompile>
    <ClCompile Include="..\..\src\umdraw\UMCamera.cpp">
      <Filter>src\umdraw</Filter>
    </ClCompile>
    <ClCompile Include="..\..\src\umdraw\UMCurve.cpp">
      <Filter>src\umdraw</Filter>
    </ClCompile>
  </ItemGroup>
  <ItemGroup>
    <ClInclude Include="..\..\src\umabc\UMAbcCamera.h">
      <Filter>src\umabc</Filter>
    </ClInclude>
    <ClInclude Include="..\..\src\umabc\UMAbcConvert.h">
      <Filter>src\umabc</Filter>
    </ClInclude>
    <ClInclude Include="..\..\src\umabc\UMAbcCurve.h">
      <Filter>src\umabc</Filter>
    </ClInclude>
    <ClInclude Include="..\..\src\umabc\UMAbcMesh.h">
      <Filter>src\umabc</Filter>
    </ClInclude>
    <ClInclude Include="..\..\src\umabc\UMAbcNurbsPatch.h">
      <Filter>src\umabc</Filter>
    </ClInclude>
    <ClInclude Include="..\..\src\umabc\UMAbcObject.h">
      <Filter>src\umabc</Filter>
    </ClInclude>
    <ClInclude Include="..\..\src\umabc\UMAbcPoint.h">
      <Filter>src\umabc</Filter>
    </ClInclude>
    <ClInclude Include="..\..\src\umabc\UMAbcScene.h">
      <Filter>src\umabc</Filter>
    </ClInclude>
    <ClInclude Include="..\..\src\umabc\UMAbcSetting.h">
      <Filter>src\umabc</Filter>
    </ClInclude>
    <ClInclude Include="..\..\src\umabc\UMAbcSoftwareIO.h">
      <Filter>src\umabc</Filter>
    </ClInclude>
    <ClInclude Include="..\..\src\umabc\UMAbcXform.h">
      <Filter>src\umabc</Filter>
    </ClInclude>
    <ClInclude Include="..\..\src\umbase\UMBox.h">
      <Filter>src\umbase</Filter>
    </ClInclude>
    <ClInclude Include="..\..\src\umbase\UMMacro.h">
      <Filter>src\umbase</Filter>
    </ClInclude>
    <ClInclude Include="..\..\src\umbase\UMMath.h">
      <Filter>src\umbase</Filter>
    </ClInclude>
    <ClInclude Include="..\..\src\umbase\UMMathTypes.h">
      <Filter>src\umbase</Filter>
    </ClInclude>
    <ClInclude Include="..\..\src\umbase\UMMatrix.h">
      <Filter>src\umbase</Filter>
    </ClInclude>
    <ClInclude Include="..\..\src\umbase\UMPath.h">
      <Filter>src\umbase</Filter>
    </ClInclude>
    <ClInclude Include="..\..\src\umbase\UMStringUtil.h">
      <Filter>src\umbase</Filter>
    </ClInclude>
    <ClInclude Include="..\..\src\umbase\UMTime.h">
      <Filter>src\umbase</Filter>
    </ClInclude>
    <ClInclude Include="..\..\src\umbase\UMVector.h">
      <Filter>src\umbase</Filter>
    </ClInclude>
    <ClInclude Include="..\..\src\umbase\UMAny.h">
      <Filter>src\umbase</Filter>
    </ClInclude>
    <ClInclude Include="..\..\src\umdraw\UMLight.h">
      <Filter>src\umdraw</Filter>
    </ClInclude>
    <ClInclude Include="..\..\src\umdraw\UMLine.h">
      <Filter>src\umdraw</Filter>
    </ClInclude>
    <ClInclude Include="..\..\src\umdraw\UMMaterial.h">
      <Filter>src\umdraw</Filter>
    </ClInclude>
    <ClInclude Include="..\..\src\umdraw\UMMesh.h">
      <Filter>src\umdraw</Filter>
    </ClInclude>
    <ClInclude Include="..\..\src\umdraw\UMMeshGroup.h">
      <Filter>src\umdraw</Filter>
    </ClInclude>
    <ClInclude Include="..\..\src\umdraw\UMNode.h">
      <Filter>src\umdraw</Filter>
    </ClInclude>
    <ClInclude Include="..\..\src\umdraw\UMPoint.h">
      <Filter>src\umdraw</Filter>
    </ClInclude>
    <ClInclude Include="..\..\src\umdraw\UMScene.h">
      <Filter>src\umdraw</Filter>
    </ClInclude>
    <ClInclude Include="..\..\src\umdraw\UMShaderEntry.h">
      <Filter>src\umdraw</Filter>
    </ClInclude>
    <ClInclude Include="..\..\src\umdraw\UMSkin.h">
      <Filter>src\umdraw</Filter>
    </ClInclude>
    <ClInclude Include="..\..\src\umdraw\UMCamera.h">
      <Filter>src\umdraw</Filter>
    </ClInclude>
    <ClInclude Include="..\..\src\umdraw\UMCurve.h">
      <Filter>src\umdraw</Filter>
    </ClInclude>
    <ClInclude Include="..\..\src\umabc\UMAbcNode.h">
      <Filter>src\umabc</Filter>
    </ClInclude>
  </ItemGroup>
</Project>